
Microsoft Visual Studio Solution File, Format Version 12.00
# Visual Studio Version 17
VisualStudioVersion = 17.9.34728.123
MinimumVisualStudioVersion = 10.0.40219.1
Project("{FAE04EC0-301F-11D3-BF4B-00C04F79EFBC}") = "medicineApi", "medicineApi\medicineApi.csproj", "{7EE9F0BF-FE3A-4477-B704-8F312FF6C177}"
EndProject
Global
	GlobalSection(SolutionConfigurationPlatforms) = preSolution
		Debug|Any CPU = Debug|Any CPU
		Release|Any CPU = Release|Any CPU
	EndGlobalSection
	GlobalSection(ProjectConfigurationPlatforms) = postSolution
		{7EE9F0BF-FE3A-4477-B704-8F312FF6C177}.Debug|Any CPU.ActiveCfg = Debug|Any CPU
		{7EE9F0BF-FE3A-4477-B704-8F312FF6C177}.Debug|Any CPU.Build.0 = Debug|Any CPU
		{7EE9F0BF-FE3A-4477-B704-8F312FF6C177}.Release|Any CPU.ActiveCfg = Release|Any CPU
		{7EE9F0BF-FE3A-4477-B704-8F312FF6C177}.Release|Any CPU.Build.0 = Release|Any CPU
	EndGlobalSection
	GlobalSection(SolutionProperties) = preSolution
		HideSolutionNode = FALSE
	EndGlobalSection
	GlobalSection(ExtensibilityGlobals) = postSolution
		SolutionGuid = {69BCC17A-A0C6-444A-844D-5D1458CB776F}
	EndGlobalSection
EndGlobal
